
Microsoft Visual Studio Solution File, Format Version 12.00
# Visual Studio Version 17
VisualStudioVersion = 17.4.33213.308
MinimumVisualStudioVersion = 10.0.40219.1
Project("{FAE04EC0-301F-11D3-BF4B-00C04F79EFBC}") = "classs", "classs\classs.csproj", "{127453D2-8B56-409D-8BC4-33CAE0F46111}"
EndProject
Global
	GlobalSection(SolutionConfigurationPlatforms) = preSolution
		Debug|Any CPU = Debug|Any CPU
		Release|Any CPU = Release|Any CPU
	EndGlobalSection
	GlobalSection(ProjectConfigurationPlatforms) = postSolution
		{127453D2-8B56-409D-8BC4-33CAE0F46111}.Debug|Any CPU.ActiveCfg = Debug|Any CPU
		{127453D2-8B56-409D-8BC4-33CAE0F46111}.Debug|Any CPU.Build.0 = Debug|Any CPU
		{127453D2-8B56-409D-8BC4-33CAE0F46111}.Release|Any CPU.ActiveCfg = Release|Any CPU
		{127453D2-8B56-409D-8BC4-33CAE0F46111}.Release|Any CPU.Build.0 = Release|Any CPU
	EndGlobalSection
	GlobalSection(SolutionProperties) = preSolution
		HideSolutionNode = FALSE
	EndGlobalSection
	GlobalSection(ExtensibilityGlobals) = postSolution
		SolutionGuid = {3ABA516A-C902-48B6-9D17-E09E5B4B0BFC}
	EndGlobalSection
EndGlobal
